
Microsoft Visual Studio Solution File, Format Version 12.00
# Visual Studio Version 16
VisualStudioVersion = 16.0.29009.5
MinimumVisualStudioVersion = 10.0.40219.1
Project("{FAE04EC0-301F-11D3-BF4B-00C04F79EFBC}") = "Lab_Sheet_1", "Lab_Sheet_1\Lab_Sheet_1.csproj", "{D7BBD62B-BFE4-401B-9828-8B1C57BB2400}"
EndProject
Global
	GlobalSection(SolutionConfigurationPlatforms) = preSolution
		Debug|Any CPU = Debug|Any CPU
		Release|Any CPU = Release|Any CPU
	EndGlobalSection
	GlobalSection(ProjectConfigurationPlatforms) = postSolution
		{D7BBD62B-BFE4-401B-9828-8B1C57BB2400}.Debug|Any CPU.ActiveCfg = Debug|Any CPU
		{D7BBD62B-BFE4-401B-9828-8B1C57BB2400}.Debug|Any CPU.Build.0 = Debug|Any CPU
		{D7BBD62B-BFE4-401B-9828-8B1C57BB2400}.Release|Any CPU.ActiveCfg = Release|Any CPU
		{D7BBD62B-BFE4-401B-9828-8B1C57BB2400}.Release|Any CPU.Build.0 = Release|Any CPU
	EndGlobalSection
	GlobalSection(SolutionProperties) = preSolution
		HideSolutionNode = FALSE
	EndGlobalSection
	GlobalSection(ExtensibilityGlobals) = postSolution
		SolutionGuid = {F9A97219-8B9B-46BD-94FA-3680A04DCA8F}
	EndGlobalSection
EndGlobal
